
Microsoft Visual Studio Solution File, Format Version 12.00
# Visual Studio Version 17
VisualStudioVersion = 17.8.34330.188
MinimumVisualStudioVersion = 10.0.40219.1
Project("{FAE04EC0-301F-11D3-BF4B-00C04F79EFBC}") = "WebApplication1", "WebApplication1\WebApplication1.csproj", "{8620BE07-5EB9-4255-A859-C5EC2CB26148}"
EndProject
Global
	GlobalSection(SolutionConfigurationPlatforms) = preSolution
		Debug|Any CPU = Debug|Any CPU
		Release|Any CPU = Release|Any CPU
	EndGlobalSection
	GlobalSection(ProjectConfigurationPlatforms) = postSolution
		{8620BE07-5EB9-4255-A859-C5EC2CB26148}.Debug|Any CPU.ActiveCfg = Debug|Any CPU
		{8620BE07-5EB9-4255-A859-C5EC2CB26148}.Debug|Any CPU.Build.0 = Debug|Any CPU
		{8620BE07-5EB9-4255-A859-C5EC2CB26148}.Release|Any CPU.ActiveCfg = Release|Any CPU
		{8620BE07-5EB9-4255-A859-C5EC2CB26148}.Release|Any CPU.Build.0 = Release|Any CPU
	EndGlobalSection
	GlobalSection(SolutionProperties) = preSolution
		HideSolutionNode = FALSE
	EndGlobalSection
	GlobalSection(ExtensibilityGlobals) = postSolution
		SolutionGuid = {5E2B95E1-1494-4742-8462-E2BDBC4C0610}
	EndGlobalSection
EndGlobal
